// !$*UTF8*$!
{
	archiveVersion = 1;
	classes = {
	};
	objectVersion = 51;
	objects = {

/* Begin PBXBuildFile section */
		79F20F089F7B6899BB8AF467 /* Pods_MyStudySpace.framework in Frameworks */ = {isa = PBXBuildFile; fileRef = 618D792B338BB6159CCC258A /* Pods_MyStudySpace.framework */; };
		9333953F243D8AD60064CF09 /* MainPageVC.swift in Sources */ = {isa = PBXBuildFile; fileRef = 9333953E243D8AD60064CF09 /* MainPageVC.swift */; };
		93339562243D8B3A0064CF09 /* CardPartTableViewCardController.swift in Sources */ = {isa = PBXBuildFile; fileRef = 93339541243D8B340064CF09 /* CardPartTableViewCardController.swift */; };
		93339563243D8B3A0064CF09 /* CardPartPagedViewCardController.swift in Sources */ = {isa = PBXBuildFile; fileRef = 93339542243D8B340064CF09 /* CardPartPagedViewCardController.swift */; };
		93339564243D8B3A0064CF09 /* CardPartHistogramCardController.swift in Sources */ = {isa = PBXBuildFile; fileRef = 93339543243D8B340064CF09 /* CardPartHistogramCardController.swift */; };
		93339565243D8B3A0064CF09 /* CardPartSeparatorViewCardController.swift in Sources */ = {isa = PBXBuildFile; fileRef = 93339544243D8B340064CF09 /* CardPartSeparatorViewCardController.swift */; };
		93339566243D8B3A0064CF09 /* CardPartTitleDescriptionViewCardController.swift in Sources */ = {isa = PBXBuildFile; fileRef = 93339545243D8B340064CF09 /* CardPartTitleDescriptionViewCardController.swift */; };
		93339567243D8B3A0064CF09 /* CardPartImageViewCardController.swift in Sources */ = {isa = PBXBuildFile; fileRef = 93339546243D8B350064CF09 /* CardPartImageViewCardController.swift */; };
		93339568243D8B3A0064CF09 /* CardPartStackViewCardController.swift in Sources */ = {isa = PBXBuildFile; fileRef = 93339547243D8B350064CF09 /* CardPartStackViewCardController.swift */; };
		93339569243D8B3A0064CF09 /* CardPartButtonViewCardController.swift in Sources */ = {isa = PBXBuildFile; fileRef = 93339548243D8B350064CF09 /* CardPartButtonViewCardController.swift */; };
		9333956A243D8B3A0064CF09 /* CardPartTextViewCardController.swift in Sources */ = {isa = PBXBuildFile; fileRef = 93339549243D8B350064CF09 /* CardPartTextViewCardController.swift */; };
		9333956B243D8B3A0064CF09 /* CardPartProgressBarViewCardController.swift in Sources */ = {isa = PBXBuildFile; fileRef = 9333954A243D8B350064CF09 /* CardPartProgressBarViewCardController.swift */; };
		9333956C243D8B3A0064CF09 /* CardPartRoundedStackViewCardController.swift in Sources */ = {isa = PBXBuildFile; fileRef = 9333954B243D8B360064CF09 /* CardPartRoundedStackViewCardController.swift */; };
		9333956D243D8B3A0064CF09 /* CardPartOrientedViewCardController.swift in Sources */ = {isa = PBXBuildFile; fileRef = 9333954C243D8B360064CF09 /* CardPartOrientedViewCardController.swift */; };
		9333956E243D8B3A0064CF09 /* CardPartMultiSliderViewCardController.swift in Sources */ = {isa = PBXBuildFile; fileRef = 9333954D243D8B360064CF09 /* CardPartMultiSliderViewCardController.swift */; };
		9333956F243D8B3A0064CF09 /* CardPartTitleViewCardController.swift in Sources */ = {isa = PBXBuildFile; fileRef = 9333954E243D8B360064CF09 /* CardPartTitleViewCardController.swift */; };
		93339570243D8B3A0064CF09 /* CardPartIconLabelCardController.swift in Sources */ = {isa = PBXBuildFile; fileRef = 9333954F243D8B360064CF09 /* CardPartIconLabelCardController.swift */; };
		93339571243D8B3A0064CF09 /* CardPartCenteredViewCardController.swift in Sources */ = {isa = PBXBuildFile; fileRef = 93339550243D8B360064CF09 /* CardPartCenteredViewCardController.swift */; };
		93339572243D8B3A0064CF09 /* CardPartBottomSheetCardController.swift in Sources */ = {isa = PBXBuildFile; fileRef = 93339551243D8B370064CF09 /* CardPartBottomSheetCardController.swift */; };
		93339573243D8B3A0064CF09 /* CardPartConfettiViewCardController.swift in Sources */ = {isa = PBXBuildFile; fileRef = 93339552243D8B370064CF09 /* CardPartConfettiViewCardController.swift */; };
		93339574243D8B3A0064CF09 /* StateCardController.swift in Sources */ = {isa = PBXBuildFile; fileRef = 93339553243D8B370064CF09 /* StateCardController.swift */; };
		93339575243D8B3A0064CF09 /* CardPartSwitchViewCardController.swift in Sources */ = {isa = PBXBuildFile; fileRef = 93339554243D8B370064CF09 /* CardPartSwitchViewCardController.swift */; };
		93339576243D8B3A0064CF09 /* CardParthCustomMarginsCardController.swift in Sources */ = {isa = PBXBuildFile; fileRef = 93339555243D8B370064CF09 /* CardParthCustomMarginsCardController.swift */; };
		93339577243D8B3A0064CF09 /* CardPartSliderViewCardController.swift in Sources */ = {isa = PBXBuildFile; fileRef = 93339556243D8B380064CF09 /* CardPartSliderViewCardController.swift */; };
		93339578243D8B3A0064CF09 /* ThemedCardController.swift in Sources */ = {isa = PBXBuildFile; fileRef = 93339557243D8B380064CF09 /* ThemedCardController.swift */; };
		93339579243D8B3A0064CF09 /* TitleCardController.swift in Sources */ = {isa = PBXBuildFile; fileRef = 93339558243D8B380064CF09 /* TitleCardController.swift */; };
		9333957A243D8B3A0064CF09 /* CardPartAttributedTextViewController.swift in Sources */ = {isa = PBXBuildFile; fileRef = 93339559243D8B380064CF09 /* CardPartAttributedTextViewController.swift */; };
		9333957B243D8B3A0064CF09 /* CardPartPillLabelCardController.swift in Sources */ = {isa = PBXBuildFile; fileRef = 9333955A243D8B380064CF09 /* CardPartPillLabelCardController.swift */; };
		9333957C243D8B3A0064CF09 /* CardPartBarViewCardController.swift in Sources */ = {isa = PBXBuildFile; fileRef = 9333955B243D8B380064CF09 /* CardPartBarViewCardController.swift */; };
		9333957D243D8B3A0064CF09 /* ReactiveCardController.swift in Sources */ = {isa = PBXBuildFile; fileRef = 9333955C243D8B390064CF09 /* ReactiveCardController.swift */; };
		9333957E243D8B3A0064CF09 /* CardPartMapViewCardController.swift in Sources */ = {isa = PBXBuildFile; fileRef = 9333955D243D8B390064CF09 /* CardPartMapViewCardController.swift */; };
		9333957F243D8B3A0064CF09 /* CardPartTextFieldCardController.swift in Sources */ = {isa = PBXBuildFile; fileRef = 9333955E243D8B390064CF09 /* CardPartTextFieldCardController.swift */; };
		93339580243D8B3A0064CF09 /* CardPartRadioButtonCardController.swift in Sources */ = {isa = PBXBuildFile; fileRef = 9333955F243D8B390064CF09 /* CardPartRadioButtonCardController.swift */; };
		93339581243D8B3A0064CF09 /* CardPartCollectionViewCardController.swift in Sources */ = {isa = PBXBuildFile; fileRef = 93339560243D8B390064CF09 /* CardPartCollectionViewCardController.swift */; };
		93339582243D8B3A0064CF09 /* CardPartBorderViewController.swift in Sources */ = {isa = PBXBuildFile; fileRef = 93339561243D8B3A0064CF09 /* CardPartBorderViewController.swift */; };
		9350F209243BB74000F7E882 /* onboardingView.swift in Sources */ = {isa = PBXBuildFile; fileRef = 9350F208243BB74000F7E882 /* onboardingView.swift */; };
		9350F20B243BDBC600F7E882 /* WebLoginVC.swift in Sources */ = {isa = PBXBuildFile; fileRef = 9350F20A243BDBC600F7E882 /* WebLoginVC.swift */; };
		9350F20D243BE1D000F7E882 /* HomeVC.swift in Sources */ = {isa = PBXBuildFile; fileRef = 9350F20C243BE1D000F7E882 /* HomeVC.swift */; };
		93A547FE243C3211000423D1 /* CoursesList.swift in Sources */ = {isa = PBXBuildFile; fileRef = 93A547FD243C3211000423D1 /* CoursesList.swift */; };
		93A54800243C324A000423D1 /* CoursesListCell.swift in Sources */ = {isa = PBXBuildFile; fileRef = 93A547FF243C324A000423D1 /* CoursesListCell.swift */; };
		93B33212243BF27A0036D9BA /* LoginHelper.swift in Sources */ = {isa = PBXBuildFile; fileRef = 93B33211243BF27A0036D9BA /* LoginHelper.swift */; };
		93C20ABD243BB2CB00FFB8D8 /* AppDelegate.swift in Sources */ = {isa = PBXBuildFile; fileRef = 93C20ABC243BB2CB00FFB8D8 /* AppDelegate.swift */; };
		93C20ABF243BB2CB00FFB8D8 /* SceneDelegate.swift in Sources */ = {isa = PBXBuildFile; fileRef = 93C20ABE243BB2CB00FFB8D8 /* SceneDelegate.swift */; };
		93C20AC1243BB2CB00FFB8D8 /* OnboardingScreen.swift in Sources */ = {isa = PBXBuildFile; fileRef = 93C20AC0243BB2CB00FFB8D8 /* OnboardingScreen.swift */; };
		93C20AC4243BB2CB00FFB8D8 /* Main.storyboard in Resources */ = {isa = PBXBuildFile; fileRef = 93C20AC2243BB2CB00FFB8D8 /* Main.storyboard */; };
		93C20AC6243BB2CC00FFB8D8 /* Assets.xcassets in Resources */ = {isa = PBXBuildFile; fileRef = 93C20AC5243BB2CC00FFB8D8 /* Assets.xcassets */; };
		93C20AC9243BB2CC00FFB8D8 /* LaunchScreen.storyboard in Resources */ = {isa = PBXBuildFile; fileRef = 93C20AC7243BB2CC00FFB8D8 /* LaunchScreen.storyboard */; };
		A8B7DE842443BED8002A3D11 /* SettingTableVC.swift in Sources */ = {isa = PBXBuildFile; fileRef = A8B7DE832443BED7002A3D11 /* SettingTableVC.swift */; };
		A8B7DE882443FF10002A3D11 /* ContactUsVC.swift in Sources */ = {isa = PBXBuildFile; fileRef = A8B7DE872443FF10002A3D11 /* ContactUsVC.swift */; };
		A8B7DE8E244401AC002A3D11 /* AboutVC.swift in Sources */ = {isa = PBXBuildFile; fileRef = A8B7DE8D244401AC002A3D11 /* AboutVC.swift */; };
		A8E5770D244A332700AEDE8B /* CourseMainPageVC.swift in Sources */ = {isa = PBXBuildFile; fileRef = A8E5770C244A332700AEDE8B /* CourseMainPageVC.swift */; };
		A8E5770F244A48D000AEDE8B /* HomeLinksCardController.swift in Sources */ = {isa = PBXBuildFile; fileRef = A8E5770E244A48D000AEDE8B /* HomeLinksCardController.swift */; };
		A8E57711244B9B5900AEDE8B /* CourseMainPageTableViewVC.swift in Sources */ = {isa = PBXBuildFile; fileRef = A8E57710244B9B5900AEDE8B /* CourseMainPageTableViewVC.swift */; };
/* End PBXBuildFile section */

/* Begin PBXFileReference section */
		618D792B338BB6159CCC258A /* Pods_MyStudySpace.framework */ = {isa = PBXFileReference; explicitFileType = wrapper.framework; includeInIndex = 0; path = Pods_MyStudySpace.framework; sourceTree = BUILT_PRODUCTS_DIR; };
		9333953E243D8AD60064CF09 /* MainPageVC.swift */ = {isa = PBXFileReference; lastKnownFileType = sourcecode.swift; path = MainPageVC.swift; sourceTree = "<group>"; };
		93339541243D8B340064CF09 /* CardPartTableViewCardController.swift */ = {isa = PBXFileReference; fileEncoding = 4; lastKnownFileType = sourcecode.swift; path = CardPartTableViewCardController.swift; sourceTree = "<group>"; };
		93339542243D8B340064CF09 /* CardPartPagedViewCardController.swift */ = {isa = PBXFileReference; fileEncoding = 4; lastKnownFileType = sourcecode.swift; path = CardPartPagedViewCardController.swift; sourceTree = "<group>"; };
		93339543243D8B340064CF09 /* CardPartHistogramCardController.swift */ = {isa = PBXFileReference; fileEncoding = 4; lastKnownFileType = sourcecode.swift; path = CardPartHistogramCardController.swift; sourceTree = "<group>"; };
		93339544243D8B340064CF09 /* CardPartSeparatorViewCardController.swift */ = {isa = PBXFileReference; fileEncoding = 4; lastKnownFileType = sourcecode.swift; path = CardPartSeparatorViewCardController.swift; sourceTree = "<group>"; };
		93339545243D8B340064CF09 /* CardPartTitleDescriptionViewCardController.swift */ = {isa = PBXFileReference; fileEncoding = 4; lastKnownFileType = sourcecode.swift; path = CardPartTitleDescriptionViewCardController.swift; sourceTree = "<group>"; };
		93339546243D8B350064CF09 /* CardPartImageViewCardController.swift */ = {isa = PBXFileReference; fileEncoding = 4; lastKnownFileType = sourcecode.swift; path = CardPartImageViewCardController.swift; sourceTree = "<group>"; };
		93339547243D8B350064CF09 /* CardPartStackViewCardController.swift */ = {isa = PBXFileReference; fileEncoding = 4; lastKnownFileType = sourcecode.swift; path = CardPartStackViewCardController.swift; sourceTree = "<group>"; };
		93339548243D8B350064CF09 /* CardPartButtonViewCardController.swift */ = {isa = PBXFileReference; fileEncoding = 4; lastKnownFileType = sourcecode.swift; path = CardPartButtonViewCardController.swift; sourceTree = "<group>"; };
		93339549243D8B350064CF09 /* CardPartTextViewCardController.swift */ = {isa = PBXFileReference; fileEncoding = 4; lastKnownFileType = sourcecode.swift; path = CardPartTextViewCardController.swift; sourceTree = "<group>"; };
		9333954A243D8B350064CF09 /* CardPartProgressBarViewCardController.swift */ = {isa = PBXFileReference; fileEncoding = 4; lastKnownFileType = sourcecode.swift; path = CardPartProgressBarViewCardController.swift; sourceTree = "<group>"; };
		9333954B243D8B360064CF09 /* CardPartRoundedStackViewCardController.swift */ = {isa = PBXFileReference; fileEncoding = 4; lastKnownFileType = sourcecode.swift; path = CardPartRoundedStackViewCardController.swift; sourceTree = "<group>"; };
		9333954C243D8B360064CF09 /* CardPartOrientedViewCardController.swift */ = {isa = PBXFileReference; fileEncoding = 4; lastKnownFileType = sourcecode.swift; path = CardPartOrientedViewCardController.swift; sourceTree = "<group>"; };
		9333954D243D8B360064CF09 /* CardPartMultiSliderViewCardController.swift */ = {isa = PBXFileReference; fileEncoding = 4; lastKnownFileType = sourcecode.swift; path = CardPartMultiSliderViewCardController.swift; sourceTree = "<group>"; };
		9333954E243D8B360064CF09 /* CardPartTitleViewCardController.swift */ = {isa = PBXFileReference; fileEncoding = 4; lastKnownFileType = sourcecode.swift; path = CardPartTitleViewCardController.swift; sourceTree = "<group>"; };
		9333954F243D8B360064CF09 /* CardPartIconLabelCardController.swift */ = {isa = PBXFileReference; fileEncoding = 4; lastKnownFileType = sourcecode.swift; path = CardPartIconLabelCardController.swift; sourceTree = "<group>"; };
		93339550243D8B360064CF09 /* CardPartCenteredViewCardController.swift */ = {isa = PBXFileReference; fileEncoding = 4; lastKnownFileType = sourcecode.swift; path = CardPartCenteredViewCardController.swift; sourceTree = "<group>"; };
		93339551243D8B370064CF09 /* CardPartBottomSheetCardController.swift */ = {isa = PBXFileReference; fileEncoding = 4; lastKnownFileType = sourcecode.swift; path = CardPartBottomSheetCardController.swift; sourceTree = "<group>"; };
		93339552243D8B370064CF09 /* CardPartConfettiViewCardController.swift */ = {isa = PBXFileReference; fileEncoding = 4; lastKnownFileType = sourcecode.swift; path = CardPartConfettiViewCardController.swift; sourceTree = "<group>"; };
		93339553243D8B370064CF09 /* StateCardController.swift */ = {isa = PBXFileReference; fileEncoding = 4; lastKnownFileType = sourcecode.swift; path = StateCardController.swift; sourceTree = "<group>"; };
		93339554243D8B370064CF09 /* CardPartSwitchViewCardController.swift */ = {isa = PBXFileReference; fileEncoding = 4; lastKnownFileType = sourcecode.swift; path = CardPartSwitchViewCardController.swift; sourceTree = "<group>"; };
		93339555243D8B370064CF09 /* CardParthCustomMarginsCardController.swift */ = {isa = PBXFileReference; fileEncoding = 4; lastKnownFileType = sourcecode.swift; path = CardParthCustomMarginsCardController.swift; sourceTree = "<group>"; };
		93339556243D8B380064CF09 /* CardPartSliderViewCardController.swift */ = {isa = PBXFileReference; fileEncoding = 4; lastKnownFileType = sourcecode.swift; path = CardPartSliderViewCardController.swift; sourceTree = "<group>"; };
		93339557243D8B380064CF09 /* ThemedCardController.swift */ = {isa = PBXFileReference; fileEncoding = 4; lastKnownFileType = sourcecode.swift; path = ThemedCardController.swift; sourceTree = "<group>"; };
		93339558243D8B380064CF09 /* TitleCardController.swift */ = {isa = PBXFileReference; fileEncoding = 4; lastKnownFileType = sourcecode.swift; path = TitleCardController.swift; sourceTree = "<group>"; };
		93339559243D8B380064CF09 /* CardPartAttributedTextViewController.swift */ = {isa = PBXFileReference; fileEncoding = 4; lastKnownFileType = sourcecode.swift; path = CardPartAttributedTextViewController.swift; sourceTree = "<group>"; };
		9333955A243D8B380064CF09 /* CardPartPillLabelCardController.swift */ = {isa = PBXFileReference; fileEncoding = 4; lastKnownFileType = sourcecode.swift; path = CardPartPillLabelCardController.swift; sourceTree = "<group>"; };
		9333955B243D8B380064CF09 /* CardPartBarViewCardController.swift */ = {isa = PBXFileReference; fileEncoding = 4; lastKnownFileType = sourcecode.swift; path = CardPartBarViewCardController.swift; sourceTree = "<group>"; };
		9333955C243D8B390064CF09 /* ReactiveCardController.swift */ = {isa = PBXFileReference; fileEncoding = 4; lastKnownFileType = sourcecode.swift; path = ReactiveCardController.swift; sourceTree = "<group>"; };
		9333955D243D8B390064CF09 /* CardPartMapViewCardController.swift */ = {isa = PBXFileReference; fileEncoding = 4; lastKnownFileType = sourcecode.swift; path = CardPartMapViewCardController.swift; sourceTree = "<group>"; };
		9333955E243D8B390064CF09 /* CardPartTextFieldCardController.swift */ = {isa = PBXFileReference; fileEncoding = 4; lastKnownFileType = sourcecode.swift; path = CardPartTextFieldCardController.swift; sourceTree = "<group>"; };
		9333955F243D8B390064CF09 /* CardPartRadioButtonCardController.swift */ = {isa = PBXFileReference; fileEncoding = 4; lastKnownFileType = sourcecode.swift; path = CardPartRadioButtonCardController.swift; sourceTree = "<group>"; };
		93339560243D8B390064CF09 /* CardPartCollectionViewCardController.swift */ = {isa = PBXFileReference; fileEncoding = 4; lastKnownFileType = sourcecode.swift; path = CardPartCollectionViewCardController.swift; sourceTree = "<group>"; };
		93339561243D8B3A0064CF09 /* CardPartBorderViewController.swift */ = {isa = PBXFileReference; fileEncoding = 4; lastKnownFileType = sourcecode.swift; path = CardPartBorderViewController.swift; sourceTree = "<group>"; };
		9350F208243BB74000F7E882 /* onboardingView.swift */ = {isa = PBXFileReference; lastKnownFileType = sourcecode.swift; path = onboardingView.swift; sourceTree = "<group>"; };
		9350F20A243BDBC600F7E882 /* WebLoginVC.swift */ = {isa = PBXFileReference; lastKnownFileType = sourcecode.swift; path = WebLoginVC.swift; sourceTree = "<group>"; };
		9350F20C243BE1D000F7E882 /* HomeVC.swift */ = {isa = PBXFileReference; lastKnownFileType = sourcecode.swift; path = HomeVC.swift; sourceTree = "<group>"; };
		93A547FD243C3211000423D1 /* CoursesList.swift */ = {isa = PBXFileReference; lastKnownFileType = sourcecode.swift; path = CoursesList.swift; sourceTree = "<group>"; };
		93A547FF243C324A000423D1 /* CoursesListCell.swift */ = {isa = PBXFileReference; lastKnownFileType = sourcecode.swift; path = CoursesListCell.swift; sourceTree = "<group>"; };
		93B33211243BF27A0036D9BA /* LoginHelper.swift */ = {isa = PBXFileReference; lastKnownFileType = sourcecode.swift; path = LoginHelper.swift; sourceTree = "<group>"; };
		93C20AB9243BB2CB00FFB8D8 /* MyStudySpace.app */ = {isa = PBXFileReference; explicitFileType = wrapper.application; includeInIndex = 0; path = MyStudySpace.app; sourceTree = BUILT_PRODUCTS_DIR; };
		93C20ABC243BB2CB00FFB8D8 /* AppDelegate.swift */ = {isa = PBXFileReference; lastKnownFileType = sourcecode.swift; path = AppDelegate.swift; sourceTree = "<group>"; };
		93C20ABE243BB2CB00FFB8D8 /* SceneDelegate.swift */ = {isa = PBXFileReference; lastKnownFileType = sourcecode.swift; path = SceneDelegate.swift; sourceTree = "<group>"; };
		93C20AC0243BB2CB00FFB8D8 /* OnboardingScreen.swift */ = {isa = PBXFileReference; lastKnownFileType = sourcecode.swift; path = OnboardingScreen.swift; sourceTree = "<group>"; };
		93C20AC3243BB2CB00FFB8D8 /* Base */ = {isa = PBXFileReference; lastKnownFileType = file.storyboard; name = Base; path = Base.lproj/Main.storyboard; sourceTree = "<group>"; };
		93C20AC5243BB2CC00FFB8D8 /* Assets.xcassets */ = {isa = PBXFileReference; lastKnownFileType = folder.assetcatalog; path = Assets.xcassets; sourceTree = "<group>"; };
		93C20AC8243BB2CC00FFB8D8 /* Base */ = {isa = PBXFileReference; lastKnownFileType = file.storyboard; name = Base; path = Base.lproj/LaunchScreen.storyboard; sourceTree = "<group>"; };
		93C20ACA243BB2CC00FFB8D8 /* Info.plist */ = {isa = PBXFileReference; lastKnownFileType = text.plist.xml; path = Info.plist; sourceTree = "<group>"; };
		A8B7DE832443BED7002A3D11 /* SettingTableVC.swift */ = {isa = PBXFileReference; lastKnownFileType = sourcecode.swift; path = SettingTableVC.swift; sourceTree = "<group>"; };
		A8B7DE872443FF10002A3D11 /* ContactUsVC.swift */ = {isa = PBXFileReference; lastKnownFileType = sourcecode.swift; path = ContactUsVC.swift; sourceTree = "<group>"; };
		A8B7DE8D244401AC002A3D11 /* AboutVC.swift */ = {isa = PBXFileReference; lastKnownFileType = sourcecode.swift; path = AboutVC.swift; sourceTree = "<group>"; };
		A8E5770C244A332700AEDE8B /* CourseMainPageVC.swift */ = {isa = PBXFileReference; lastKnownFileType = sourcecode.swift; path = CourseMainPageVC.swift; sourceTree = "<group>"; };
		A8E5770E244A48D000AEDE8B /* HomeLinksCardController.swift */ = {isa = PBXFileReference; lastKnownFileType = sourcecode.swift; path = HomeLinksCardController.swift; sourceTree = "<group>"; };
		A8E57710244B9B5900AEDE8B /* CourseMainPageTableViewVC.swift */ = {isa = PBXFileReference; lastKnownFileType = sourcecode.swift; path = CourseMainPageTableViewVC.swift; sourceTree = "<group>"; };
		D3632DC430160B06D1F1EBB8 /* Pods-MyStudySpace.release.xcconfig */ = {isa = PBXFileReference; includeInIndex = 1; lastKnownFileType = text.xcconfig; name = "Pods-MyStudySpace.release.xcconfig"; path = "Target Support Files/Pods-MyStudySpace/Pods-MyStudySpace.release.xcconfig"; sourceTree = "<group>"; };
		F9D9E31704487FEE0C0D0DF4 /* Pods-MyStudySpace.debug.xcconfig */ = {isa = PBXFileReference; includeInIndex = 1; lastKnownFileType = text.xcconfig; name = "Pods-MyStudySpace.debug.xcconfig"; path = "Target Support Files/Pods-MyStudySpace/Pods-MyStudySpace.debug.xcconfig"; sourceTree = "<group>"; };
/* End PBXFileReference section */

/* Begin PBXFrameworksBuildPhase section */
		93C20AB6243BB2CB00FFB8D8 /* Frameworks */ = {
			isa = PBXFrameworksBuildPhase;
			buildActionMask = 2147483647;
			files = (
				79F20F089F7B6899BB8AF467 /* Pods_MyStudySpace.framework in Frameworks */,
			);
			runOnlyForDeploymentPostprocessing = 0;
		};
/* End PBXFrameworksBuildPhase section */

/* Begin PBXGroup section */
		273C5429A810E662CCF43B21 /* Pods */ = {
			isa = PBXGroup;
			children = (
				F9D9E31704487FEE0C0D0DF4 /* Pods-MyStudySpace.debug.xcconfig */,
				D3632DC430160B06D1F1EBB8 /* Pods-MyStudySpace.release.xcconfig */,
			);
			path = Pods;
			sourceTree = "<group>";
		};
		809BEEFF3812F511C62E233E /* Frameworks */ = {
			isa = PBXGroup;
			children = (
				618D792B338BB6159CCC258A /* Pods_MyStudySpace.framework */,
			);
			name = Frameworks;
			sourceTree = "<group>";
		};
		93339540243D8AEB0064CF09 /* Cards */ = {
			isa = PBXGroup;
			children = (
				93339559243D8B380064CF09 /* CardPartAttributedTextViewController.swift */,
				9333955B243D8B380064CF09 /* CardPartBarViewCardController.swift */,
				93339561243D8B3A0064CF09 /* CardPartBorderViewController.swift */,
				93339551243D8B370064CF09 /* CardPartBottomSheetCardController.swift */,
				93339548243D8B350064CF09 /* CardPartButtonViewCardController.swift */,
				93339550243D8B360064CF09 /* CardPartCenteredViewCardController.swift */,
				93339560243D8B390064CF09 /* CardPartCollectionViewCardController.swift */,
				93339552243D8B370064CF09 /* CardPartConfettiViewCardController.swift */,
				93339555243D8B370064CF09 /* CardParthCustomMarginsCardController.swift */,
				93339543243D8B340064CF09 /* CardPartHistogramCardController.swift */,
				9333954F243D8B360064CF09 /* CardPartIconLabelCardController.swift */,
				93339546243D8B350064CF09 /* CardPartImageViewCardController.swift */,
				9333955D243D8B390064CF09 /* CardPartMapViewCardController.swift */,
				9333954D243D8B360064CF09 /* CardPartMultiSliderViewCardController.swift */,
				9333954C243D8B360064CF09 /* CardPartOrientedViewCardController.swift */,
				93339542243D8B340064CF09 /* CardPartPagedViewCardController.swift */,
				9333955A243D8B380064CF09 /* CardPartPillLabelCardController.swift */,
				9333954A243D8B350064CF09 /* CardPartProgressBarViewCardController.swift */,
				9333955F243D8B390064CF09 /* CardPartRadioButtonCardController.swift */,
				9333954B243D8B360064CF09 /* CardPartRoundedStackViewCardController.swift */,
				93339544243D8B340064CF09 /* CardPartSeparatorViewCardController.swift */,
				93339556243D8B380064CF09 /* CardPartSliderViewCardController.swift */,
				93339547243D8B350064CF09 /* CardPartStackViewCardController.swift */,
				93339554243D8B370064CF09 /* CardPartSwitchViewCardController.swift */,
				93339541243D8B340064CF09 /* CardPartTableViewCardController.swift */,
				9333955E243D8B390064CF09 /* CardPartTextFieldCardController.swift */,
				93339549243D8B350064CF09 /* CardPartTextViewCardController.swift */,
				93339545243D8B340064CF09 /* CardPartTitleDescriptionViewCardController.swift */,
				9333954E243D8B360064CF09 /* CardPartTitleViewCardController.swift */,
				9333955C243D8B390064CF09 /* ReactiveCardController.swift */,
				93339553243D8B370064CF09 /* StateCardController.swift */,
				A8E57710244B9B5900AEDE8B /* CourseMainPageTableViewVC.swift */,
				A8E5770E244A48D000AEDE8B /* HomeLinksCardController.swift */,
				93339557243D8B380064CF09 /* ThemedCardController.swift */,
				93339558243D8B380064CF09 /* TitleCardController.swift */,
			);
			path = Cards;
			sourceTree = "<group>";
		};
		93B33210243BF1BC0036D9BA /* Helpers */ = {
			isa = PBXGroup;
			children = (
				93B33211243BF27A0036D9BA /* LoginHelper.swift */,
			);
			path = Helpers;
			sourceTree = "<group>";
		};
		93C20AB0243BB2CB00FFB8D8 = {
			isa = PBXGroup;
			children = (
				93C20ABB243BB2CB00FFB8D8 /* MyStudySpace */,
				93C20ABA243BB2CB00FFB8D8 /* Products */,
				273C5429A810E662CCF43B21 /* Pods */,
				809BEEFF3812F511C62E233E /* Frameworks */,
			);
			sourceTree = "<group>";
		};
		93C20ABA243BB2CB00FFB8D8 /* Products */ = {
			isa = PBXGroup;
			children = (
				93C20AB9243BB2CB00FFB8D8 /* MyStudySpace.app */,
			);
			name = Products;
			sourceTree = "<group>";
		};
		93C20ABB243BB2CB00FFB8D8 /* MyStudySpace */ = {
			isa = PBXGroup;
			children = (
				93339540243D8AEB0064CF09 /* Cards */,
				93B33210243BF1BC0036D9BA /* Helpers */,
				93C20ABC243BB2CB00FFB8D8 /* AppDelegate.swift */,
				A8B7DE8D244401AC002A3D11 /* AboutVC.swift */,
				93C20ABE243BB2CB00FFB8D8 /* SceneDelegate.swift */,
				93C20AC0243BB2CB00FFB8D8 /* OnboardingScreen.swift */,
				93C20AC2243BB2CB00FFB8D8 /* Main.storyboard */,
				A8E5770C244A332700AEDE8B /* CourseMainPageVC.swift */,
				A8B7DE872443FF10002A3D11 /* ContactUsVC.swift */,
				A8B7DE832443BED7002A3D11 /* SettingTableVC.swift */,
				9333953E243D8AD60064CF09 /* MainPageVC.swift */,
				93A547FF243C324A000423D1 /* CoursesListCell.swift */,
				93A547FD243C3211000423D1 /* CoursesList.swift */,
				9350F20C243BE1D000F7E882 /* HomeVC.swift */,
				9350F208243BB74000F7E882 /* onboardingView.swift */,
				93C20AC5243BB2CC00FFB8D8 /* Assets.xcassets */,
				93C20AC7243BB2CC00FFB8D8 /* LaunchScreen.storyboard */,
				93C20ACA243BB2CC00FFB8D8 /* Info.plist */,
				9350F20A243BDBC600F7E882 /* WebLoginVC.swift */,
			);
			path = MyStudySpace;
			sourceTree = "<group>";
		};
/* End PBXGroup section */

/* Begin PBXNativeTarget section */
		93C20AB8243BB2CB00FFB8D8 /* MyStudySpace */ = {
			isa = PBXNativeTarget;
			buildConfigurationList = 93C20ACD243BB2CC00FFB8D8 /* Build configuration list for PBXNativeTarget "MyStudySpace" */;
			buildPhases = (
				01F90F686C45C6369C3C0F33 /* [CP] Check Pods Manifest.lock */,
				93C20AB5243BB2CB00FFB8D8 /* Sources */,
				93C20AB6243BB2CB00FFB8D8 /* Frameworks */,
				93C20AB7243BB2CB00FFB8D8 /* Resources */,
				0CB99A2E4507DBEF9D23F39A /* [CP] Embed Pods Frameworks */,
			);
			buildRules = (
			);
			dependencies = (
			);
			name = MyStudySpace;
			productName = MyStudySpace;
			productReference = 93C20AB9243BB2CB00FFB8D8 /* MyStudySpace.app */;
			productType = "com.apple.product-type.application";
		};
/* End PBXNativeTarget section */

/* Begin PBXProject section */
		93C20AB1243BB2CB00FFB8D8 /* Project object */ = {
			isa = PBXProject;
			attributes = {
				LastSwiftUpdateCheck = 1140;
				LastUpgradeCheck = 1140;
				ORGANIZATIONNAME = "Haoquan you";
				TargetAttributes = {
					93C20AB8243BB2CB00FFB8D8 = {
						CreatedOnToolsVersion = 11.4;
					};
				};
			};
			buildConfigurationList = 93C20AB4243BB2CB00FFB8D8 /* Build configuration list for PBXProject "MyStudySpace" */;
			compatibilityVersion = "Xcode 9.3";
			developmentRegion = en;
			hasScannedForEncodings = 0;
			knownRegions = (
				en,
				Base,
			);
			mainGroup = 93C20AB0243BB2CB00FFB8D8;
			productRefGroup = 93C20ABA243BB2CB00FFB8D8 /* Products */;
			projectDirPath = "";
			projectRoot = "";
			targets = (
				93C20AB8243BB2CB00FFB8D8 /* MyStudySpace */,
			);
		};
/* End PBXProject section */

/* Begin PBXResourcesBuildPhase section */
		93C20AB7243BB2CB00FFB8D8 /* Resources */ = {
			isa = PBXResourcesBuildPhase;
			buildActionMask = 2147483647;
			files = (
				93C20AC9243BB2CC00FFB8D8 /* LaunchScreen.storyboard in Resources */,
				93C20AC6243BB2CC00FFB8D8 /* Assets.xcassets in Resources */,
				93C20AC4243BB2CB00FFB8D8 /* Main.storyboard in Resources */,
			);
			runOnlyForDeploymentPostprocessing = 0;
		};
/* End PBXResourcesBuildPhase section */

/* Begin PBXShellScriptBuildPhase section */
		01F90F686C45C6369C3C0F33 /* [CP] Check Pods Manifest.lock */ = {
			isa = PBXShellScriptBuildPhase;
			buildActionMask = 2147483647;
			files = (
			);
			inputFileListPaths = (
			);
			inputPaths = (
				"${PODS_PODFILE_DIR_PATH}/Podfile.lock",
				"${PODS_ROOT}/Manifest.lock",
			);
			name = "[CP] Check Pods Manifest.lock";
			outputFileListPaths = (
			);
			outputPaths = (
				"$(DERIVED_FILE_DIR)/Pods-MyStudySpace-checkManifestLockResult.txt",
			);
			runOnlyForDeploymentPostprocessing = 0;
			shellPath = /bin/sh;
			shellScript = "diff \"${PODS_PODFILE_DIR_PATH}/Podfile.lock\" \"${PODS_ROOT}/Manifest.lock\" > /dev/null\nif [ $? != 0 ] ; then\n    # print error to STDERR\n    echo \"error: The sandbox is not in sync with the Podfile.lock. Run 'pod install' or update your CocoaPods installation.\" >&2\n    exit 1\nfi\n# This output is used by Xcode 'outputs' to avoid re-running this script phase.\necho \"SUCCESS\" > \"${SCRIPT_OUTPUT_FILE_0}\"\n";
			showEnvVarsInLog = 0;
		};
		0CB99A2E4507DBEF9D23F39A /* [CP] Embed Pods Frameworks */ = {
			isa = PBXShellScriptBuildPhase;
			buildActionMask = 2147483647;
			files = (
			);
			inputFileListPaths = (
				"${PODS_ROOT}/Target Support Files/Pods-MyStudySpace/Pods-MyStudySpace-frameworks-${CONFIGURATION}-input-files.xcfilelist",
			);
			name = "[CP] Embed Pods Frameworks";
			outputFileListPaths = (
				"${PODS_ROOT}/Target Support Files/Pods-MyStudySpace/Pods-MyStudySpace-frameworks-${CONFIGURATION}-output-files.xcfilelist",
			);
			runOnlyForDeploymentPostprocessing = 0;
			shellPath = /bin/sh;
			shellScript = "\"${PODS_ROOT}/Target Support Files/Pods-MyStudySpace/Pods-MyStudySpace-frameworks.sh\"\n";
			showEnvVarsInLog = 0;
		};
/* End PBXShellScriptBuildPhase section */

/* Begin PBXSourcesBuildPhase section */
		93C20AB5243BB2CB00FFB8D8 /* Sources */ = {
			isa = PBXSourcesBuildPhase;
			buildActionMask = 2147483647;
			files = (
				93339576243D8B3A0064CF09 /* CardParthCustomMarginsCardController.swift in Sources */,
				9350F20B243BDBC600F7E882 /* WebLoginVC.swift in Sources */,
				9350F20D243BE1D000F7E882 /* HomeVC.swift in Sources */,
				93339574243D8B3A0064CF09 /* StateCardController.swift in Sources */,
				9333957B243D8B3A0064CF09 /* CardPartPillLabelCardController.swift in Sources */,
				93339566243D8B3A0064CF09 /* CardPartTitleDescriptionViewCardController.swift in Sources */,
				A8B7DE8E244401AC002A3D11 /* AboutVC.swift in Sources */,
				9333956D243D8B3A0064CF09 /* CardPartOrientedViewCardController.swift in Sources */,
				9333956F243D8B3A0064CF09 /* CardPartTitleViewCardController.swift in Sources */,
				93C20AC1243BB2CB00FFB8D8 /* OnboardingScreen.swift in Sources */,
				9333957E243D8B3A0064CF09 /* CardPartMapViewCardController.swift in Sources */,
				9333956C243D8B3A0064CF09 /* CardPartRoundedStackViewCardController.swift in Sources */,
				9350F209243BB74000F7E882 /* onboardingView.swift in Sources */,
				93339568243D8B3A0064CF09 /* CardPartStackViewCardController.swift in Sources */,
				93A547FE243C3211000423D1 /* CoursesList.swift in Sources */,
				93339569243D8B3A0064CF09 /* CardPartButtonViewCardController.swift in Sources */,
				93339562243D8B3A0064CF09 /* CardPartTableViewCardController.swift in Sources */,
				9333957F243D8B3A0064CF09 /* CardPartTextFieldCardController.swift in Sources */,
				93339577243D8B3A0064CF09 /* CardPartSliderViewCardController.swift in Sources */,
				9333957C243D8B3A0064CF09 /* CardPartBarViewCardController.swift in Sources */,
				93B33212243BF27A0036D9BA /* LoginHelper.swift in Sources */,
				9333956B243D8B3A0064CF09 /* CardPartProgressBarViewCardController.swift in Sources */,
				93339581243D8B3A0064CF09 /* CardPartCollectionViewCardController.swift in Sources */,
				93339578243D8B3A0064CF09 /* ThemedCardController.swift in Sources */,
				9333956E243D8B3A0064CF09 /* CardPartMultiSliderViewCardController.swift in Sources */,
				9333956A243D8B3A0064CF09 /* CardPartTextViewCardController.swift in Sources */,
				93339580243D8B3A0064CF09 /* CardPartRadioButtonCardController.swift in Sources */,
				93339582243D8B3A0064CF09 /* CardPartBorderViewController.swift in Sources */,
				93339575243D8B3A0064CF09 /* CardPartSwitchViewCardController.swift in Sources */,
				93339563243D8B3A0064CF09 /* CardPartPagedViewCardController.swift in Sources */,
				9333957D243D8B3A0064CF09 /* ReactiveCardController.swift in Sources */,
				93339571243D8B3A0064CF09 /* CardPartCenteredViewCardController.swift in Sources */,
				A8E5770F244A48D000AEDE8B /* HomeLinksCardController.swift in Sources */,
				93339572243D8B3A0064CF09 /* CardPartBottomSheetCardController.swift in Sources */,
				93339570243D8B3A0064CF09 /* CardPartIconLabelCardController.swift in Sources */,
				9333953F243D8AD60064CF09 /* MainPageVC.swift in Sources */,
				A8B7DE882443FF10002A3D11 /* ContactUsVC.swift in Sources */,
				93339573243D8B3A0064CF09 /* CardPartConfettiViewCardController.swift in Sources */,
				A8E5770D244A332700AEDE8B /* CourseMainPageVC.swift in Sources */,
				93A54800243C324A000423D1 /* CoursesListCell.swift in Sources */,
				93339579243D8B3A0064CF09 /* TitleCardController.swift in Sources */,
				93C20ABD243BB2CB00FFB8D8 /* AppDelegate.swift in Sources */,
				93339565243D8B3A0064CF09 /* CardPartSeparatorViewCardController.swift in Sources */,
				A8B7DE842443BED8002A3D11 /* SettingTableVC.swift in Sources */,
				93339567243D8B3A0064CF09 /* CardPartImageViewCardController.swift in Sources */,
				9333957A243D8B3A0064CF09 /* CardPartAttributedTextViewController.swift in Sources */,
				93C20ABF243BB2CB00FFB8D8 /* SceneDelegate.swift in Sources */,
				A8E57711244B9B5900AEDE8B /* CourseMainPageTableViewVC.swift in Sources */,
				93339564243D8B3A0064CF09 /* CardPartHistogramCardController.swift in Sources */,
			);
			runOnlyForDeploymentPostprocessing = 0;
		};
/* End PBXSourcesBuildPhase section */

/* Begin PBXVariantGroup section */
		93C20AC2243BB2CB00FFB8D8 /* Main.storyboard */ = {
			isa = PBXVariantGroup;
			children = (
				93C20AC3243BB2CB00FFB8D8 /* Base */,
			);
			name = Main.storyboard;
			sourceTree = "<group>";
		};
		93C20AC7243BB2CC00FFB8D8 /* LaunchScreen.storyboard */ = {
			isa = PBXVariantGroup;
			children = (
				93C20AC8243BB2CC00FFB8D8 /* Base */,
			);
			name = LaunchScreen.storyboard;
			sourceTree = "<group>";
		};
/* End PBXVariantGroup section */

/* Begin XCBuildConfiguration section */
		93C20ACB243BB2CC00FFB8D8 /* Debug */ = {
			isa = XCBuildConfiguration;
			buildSettings = {
				ALWAYS_SEARCH_USER_PATHS = NO;
				CLANG_ANALYZER_NONNULL = YES;
				CLANG_ANALYZER_NUMBER_OBJECT_CONVERSION = YES_AGGRESSIVE;
				CLANG_CXX_LANGUAGE_STANDARD = "gnu++14";
				CLANG_CXX_LIBRARY = "libc++";
				CLANG_ENABLE_MODULES = YES;
				CLANG_ENABLE_OBJC_ARC = YES;
				CLANG_ENABLE_OBJC_WEAK = YES;
				CLANG_WARN_BLOCK_CAPTURE_AUTORELEASING = YES;
				CLANG_WARN_BOOL_CONVERSION = YES;
				CLANG_WARN_COMMA = YES;
				CLANG_WARN_CONSTANT_CONVERSION = YES;
				CLANG_WARN_DEPRECATED_OBJC_IMPLEMENTATIONS = YES;
				CLANG_WARN_DIRECT_OBJC_ISA_USAGE = YES_ERROR;
				CLANG_WARN_DOCUMENTATION_COMMENTS = YES;
				CLANG_WARN_EMPTY_BODY = YES;
				CLANG_WARN_ENUM_CONVERSION = YES;
				CLANG_WARN_INFINITE_RECURSION = YES;
				CLANG_WARN_INT_CONVERSION = YES;
				CLANG_WARN_NON_LITERAL_NULL_CONVERSION = YES;
				CLANG_WARN_OBJC_IMPLICIT_RETAIN_SELF = YES;
				CLANG_WARN_OBJC_LITERAL_CONVERSION = YES;
				CLANG_WARN_OBJC_ROOT_CLASS = YES_ERROR;
				CLANG_WARN_RANGE_LOOP_ANALYSIS = YES;
				CLANG_WARN_STRICT_PROTOTYPES = YES;
				CLANG_WARN_SUSPICIOUS_MOVE = YES;
				CLANG_WARN_UNGUARDED_AVAILABILITY = YES_AGGRESSIVE;
				CLANG_WARN_UNREACHABLE_CODE = YES;
				CLANG_WARN__DUPLICATE_METHOD_MATCH = YES;
				COPY_PHASE_STRIP = NO;
				DEBUG_INFORMATION_FORMAT = dwarf;
				ENABLE_STRICT_OBJC_MSGSEND = YES;
				ENABLE_TESTABILITY = YES;
				GCC_C_LANGUAGE_STANDARD = gnu11;
				GCC_DYNAMIC_NO_PIC = NO;
				GCC_NO_COMMON_BLOCKS = YES;
				GCC_OPTIMIZATION_LEVEL = 0;
				GCC_PREPROCESSOR_DEFINITIONS = (
					"DEBUG=1",
					"$(inherited)",
				);
				GCC_WARN_64_TO_32_BIT_CONVERSION = YES;
				GCC_WARN_ABOUT_RETURN_TYPE = YES_ERROR;
				GCC_WARN_UNDECLARED_SELECTOR = YES;
				GCC_WARN_UNINITIALIZED_AUTOS = YES_AGGRESSIVE;
				GCC_WARN_UNUSED_FUNCTION = YES;
				GCC_WARN_UNUSED_VARIABLE = YES;
				IPHONEOS_DEPLOYMENT_TARGET = 13.4;
				MTL_ENABLE_DEBUG_INFO = INCLUDE_SOURCE;
				MTL_FAST_MATH = YES;
				ONLY_ACTIVE_ARCH = YES;
				SDKROOT = iphoneos;
				SWIFT_ACTIVE_COMPILATION_CONDITIONS = DEBUG;
				SWIFT_OPTIMIZATION_LEVEL = "-Onone";
			};
			name = Debug;
		};
		93C20ACC243BB2CC00FFB8D8 /* Release */ = {
			isa = XCBuildConfiguration;
			buildSettings = {
				ALWAYS_SEARCH_USER_PATHS = NO;
				CLANG_ANALYZER_NONNULL = YES;
				CLANG_ANALYZER_NUMBER_OBJECT_CONVERSION = YES_AGGRESSIVE;
				CLANG_CXX_LANGUAGE_STANDARD = "gnu++14";
				CLANG_CXX_LIBRARY = "libc++";
				CLANG_ENABLE_MODULES = YES;
				CLANG_ENABLE_OBJC_ARC = YES;
				CLANG_ENABLE_OBJC_WEAK = YES;
				CLANG_WARN_BLOCK_CAPTURE_AUTORELEASING = YES;
				CLANG_WARN_BOOL_CONVERSION = YES;
				CLANG_WARN_COMMA = YES;
				CLANG_WARN_CONSTANT_CONVERSION = YES;
				CLANG_WARN_DEPRECATED_OBJC_IMPLEMENTATIONS = YES;
				CLANG_WARN_DIRECT_OBJC_ISA_USAGE = YES_ERROR;
				CLANG_WARN_DOCUMENTATION_COMMENTS = YES;
				CLANG_WARN_EMPTY_BODY = YES;
				CLANG_WARN_ENUM_CONVERSION = YES;
				CLANG_WARN_INFINITE_RECURSION = YES;
				CLANG_WARN_INT_CONVERSION = YES;
				CLANG_WARN_NON_LITERAL_NULL_CONVERSION = YES;
				CLANG_WARN_OBJC_IMPLICIT_RETAIN_SELF = YES;
				CLANG_WARN_OBJC_LITERAL_CONVERSION = YES;
				CLANG_WARN_OBJC_ROOT_CLASS = YES_ERROR;
				CLANG_WARN_RANGE_LOOP_ANALYSIS = YES;
				CLANG_WARN_STRICT_PROTOTYPES = YES;
				CLANG_WARN_SUSPICIOUS_MOVE = YES;
				CLANG_WARN_UNGUARDED_AVAILABILITY = YES_AGGRESSIVE;
				CLANG_WARN_UNREACHABLE_CODE = YES;
				CLANG_WARN__DUPLICATE_METHOD_MATCH = YES;
				COPY_PHASE_STRIP = NO;
				DEBUG_INFORMATION_FORMAT = "dwarf-with-dsym";
				ENABLE_NS_ASSERTIONS = NO;
				ENABLE_STRICT_OBJC_MSGSEND = YES;
				GCC_C_LANGUAGE_STANDARD = gnu11;
				GCC_NO_COMMON_BLOCKS = YES;
				GCC_WARN_64_TO_32_BIT_CONVERSION = YES;
				GCC_WARN_ABOUT_RETURN_TYPE = YES_ERROR;
				GCC_WARN_UNDECLARED_SELECTOR = YES;
				GCC_WARN_UNINITIALIZED_AUTOS = YES_AGGRESSIVE;
				GCC_WARN_UNUSED_FUNCTION = YES;
				GCC_WARN_UNUSED_VARIABLE = YES;
				IPHONEOS_DEPLOYMENT_TARGET = 13.4;
				MTL_ENABLE_DEBUG_INFO = NO;
				MTL_FAST_MATH = YES;
				SDKROOT = iphoneos;
				SWIFT_COMPILATION_MODE = wholemodule;
				SWIFT_OPTIMIZATION_LEVEL = "-O";
				VALIDATE_PRODUCT = YES;
			};
			name = Release;
		};
		93C20ACE243BB2CC00FFB8D8 /* Debug */ = {
			isa = XCBuildConfiguration;
			baseConfigurationReference = F9D9E31704487FEE0C0D0DF4 /* Pods-MyStudySpace.debug.xcconfig */;
			buildSettings = {
				ASSETCATALOG_COMPILER_APPICON_NAME = AppIcon;
				CODE_SIGN_STYLE = Automatic;
				DEVELOPMENT_TEAM = Z8EC5FNESD;
				INFOPLIST_FILE = MyStudySpace/Info.plist;
				IPHONEOS_DEPLOYMENT_TARGET = 13.3;
				LD_RUNPATH_SEARCH_PATHS = (
					"$(inherited)",
					"@executable_path/Frameworks",
				);
				PRODUCT_BUNDLE_IDENTIFIER = laurier.cp469.MyStudySpace;
				PRODUCT_NAME = "$(TARGET_NAME)";
				SWIFT_VERSION = 5.0;
				TARGETED_DEVICE_FAMILY = "1,2";
			};
			name = Debug;
		};
		93C20ACF243BB2CC00FFB8D8 /* Release */ = {
			isa = XCBuildConfiguration;
			baseConfigurationReference = D3632DC430160B06D1F1EBB8 /* Pods-MyStudySpace.release.xcconfig */;
			buildSettings = {
				ASSETCATALOG_COMPILER_APPICON_NAME = AppIcon;
				CODE_SIGN_STYLE = Automatic;
				DEVELOPMENT_TEAM = Z8EC5FNESD;
				INFOPLIST_FILE = MyStudySpace/Info.plist;
				IPHONEOS_DEPLOYMENT_TARGET = 13.3;
				LD_RUNPATH_SEARCH_PATHS = (
					"$(inherited)",
					"@executable_path/Frameworks",
				);
				PRODUCT_BUNDLE_IDENTIFIER = laurier.cp469.MyStudySpace;
				PRODUCT_NAME = "$(TARGET_NAME)";
				SWIFT_VERSION = 5.0;
				TARGETED_DEVICE_FAMILY = "1,2";
			};
			name = Release;
		};
/* End XCBuildConfiguration section */

/* Begin XCConfigurationList section */
		93C20AB4243BB2CB00FFB8D8 /* Build configuration list for PBXProject "MyStudySpace" */ = {
			isa = XCConfigurationList;
			buildConfigurations = (
				93C20ACB243BB2CC00FFB8D8 /* Debug */,
				93C20ACC243BB2CC00FFB8D8 /* Release */,
			);
			defaultConfigurationIsVisible = 0;
			defaultConfigurationName = Release;
		};
		93C20ACD243BB2CC00FFB8D8 /* Build configuration list for PBXNativeTarget "MyStudySpace" */ = {
			isa = XCConfigurationList;
			buildConfigurations = (
				93C20ACE243BB2CC00FFB8D8 /* Debug */,
				93C20ACF243BB2CC00FFB8D8 /* Release */,
			);
			defaultConfigurationIsVisible = 0;
			defaultConfigurationName = Release;
		};
/* End XCConfigurationList section */
	};
	rootObject = 93C20AB1243BB2CB00FFB8D8 /* Project object */;
}
